
Microsoft Visual Studio Solution File, Format Version 12.00
# Visual Studio Version 16
VisualStudioVersion = 16.0.31911.196
MinimumVisualStudioVersion = 10.0.40219.1
Project("{8BC9CEB8-8B4A-11D0-8D11-00A0C91BC942}") = "FrameWindow", "FrameWindow.vcxproj", "{4A5881A1-A64C-468C-BAAD-8EBAB709DBE1}"
EndProject
Global
	GlobalSection(SolutionConfigurationPlatforms) = preSolution
		Debug|x64 = Debug|x64
		Debug|x86 = Debug|x86
		Release|x64 = Release|x64
		Release|x86 = Release|x86
	EndGlobalSection
	GlobalSection(ProjectConfigurationPlatforms) = postSolution
		{4A5881A1-A64C-468C-BAAD-8EBAB709DBE1}.Debug|x64.ActiveCfg = Debug|x64
		{4A5881A1-A64C-468C-BAAD-8EBAB709DBE1}.Debug|x64.Build.0 = Debug|x64
		{4A5881A1-A64C-468C-BAAD-8EBAB709DBE1}.Debug|x86.ActiveCfg = Debug|Win32
		{4A5881A1-A64C-468C-BAAD-8EBAB709DBE1}.Debug|x86.Build.0 = Debug|Win32
		{4A5881A1-A64C-468C-BAAD-8EBAB709DBE1}.Release|x64.ActiveCfg = Release|x64
		{4A5881A1-A64C-468C-BAAD-8EBAB709DBE1}.Release|x64.Build.0 = Release|x64
		{4A5881A1-A64C-468C-BAAD-8EBAB709DBE1}.Release|x86.ActiveCfg = Release|Win32
		{4A5881A1-A64C-468C-BAAD-8EBAB709DBE1}.Release|x86.Build.0 = Release|Win32
	EndGlobalSection
	GlobalSection(SolutionProperties) = preSolution
		HideSolutionNode = FALSE
	EndGlobalSection
	GlobalSection(ExtensibilityGlobals) = postSolution
		SolutionGuid = {E37951B4-74E4-4A99-9568-AF00D9D4F4E4}
	EndGlobalSection
EndGlobal
